
Microsoft Visual Studio Solution File, Format Version 12.00
# Visual Studio 15
VisualStudioVersion = 15.0.27703.2035
MinimumVisualStudioVersion = 10.0.40219.1
Project("{9A19103F-16F7-4668-BE54-9A1E7A4F7556}") = "KCC", "KCC\KCC.csproj", "{08CF7B9E-AEA7-47B2-83A4-8D8569C26BE7}"
	ProjectSection(ProjectDependencies) = postProject
		{EF3BF85C-5C5F-448C-BA74-8FA25C311A84} = {EF3BF85C-5C5F-448C-BA74-8FA25C311A84}
		{CBBB4C81-267B-4D9B-96CC-F36E4654B408} = {CBBB4C81-267B-4D9B-96CC-F36E4654B408}
	EndProjectSection
EndProject
Project("{FAE04EC0-301F-11D3-BF4B-00C04F79EFBC}") = "CommonLangLib", "CommonLangLib\CommonLangLib.csproj", "{EF3BF85C-5C5F-448C-BA74-8FA25C311A84}"
EndProject
Project("{FAE04EC0-301F-11D3-BF4B-00C04F79EFBC}") = "Lexer", "Lexer\Lexer.csproj", "{CBBB4C81-267B-4D9B-96CC-F36E4654B408}"
EndProject
Project("{FAE04EC0-301F-11D3-BF4B-00C04F79EFBC}") = "PreProcessor", "PreProcessor\PreProcessor.csproj", "{57C8529A-0BCA-46D9-9E22-1D6454EDE33C}"
EndProject
Global
	GlobalSection(SolutionConfigurationPlatforms) = preSolution
		Debug|Any CPU = Debug|Any CPU
		Release|Any CPU = Release|Any CPU
	EndGlobalSection
	GlobalSection(ProjectConfigurationPlatforms) = postSolution
		{08CF7B9E-AEA7-47B2-83A4-8D8569C26BE7}.Debug|Any CPU.ActiveCfg = Debug|Any CPU
		{08CF7B9E-AEA7-47B2-83A4-8D8569C26BE7}.Debug|Any CPU.Build.0 = Debug|Any CPU
		{08CF7B9E-AEA7-47B2-83A4-8D8569C26BE7}.Release|Any CPU.ActiveCfg = Release|Any CPU
		{08CF7B9E-AEA7-47B2-83A4-8D8569C26BE7}.Release|Any CPU.Build.0 = Release|Any CPU
		{EF3BF85C-5C5F-448C-BA74-8FA25C311A84}.Debug|Any CPU.ActiveCfg = Debug|Any CPU
		{EF3BF85C-5C5F-448C-BA74-8FA25C311A84}.Debug|Any CPU.Build.0 = Debug|Any CPU
		{EF3BF85C-5C5F-448C-BA74-8FA25C311A84}.Release|Any CPU.ActiveCfg = Release|Any CPU
		{EF3BF85C-5C5F-448C-BA74-8FA25C311A84}.Release|Any CPU.Build.0 = Release|Any CPU
		{CBBB4C81-267B-4D9B-96CC-F36E4654B408}.Debug|Any CPU.ActiveCfg = Debug|Any CPU
		{CBBB4C81-267B-4D9B-96CC-F36E4654B408}.Debug|Any CPU.Build.0 = Debug|Any CPU
		{CBBB4C81-267B-4D9B-96CC-F36E4654B408}.Release|Any CPU.ActiveCfg = Release|Any CPU
		{CBBB4C81-267B-4D9B-96CC-F36E4654B408}.Release|Any CPU.Build.0 = Release|Any CPU
		{57C8529A-0BCA-46D9-9E22-1D6454EDE33C}.Debug|Any CPU.ActiveCfg = Debug|Any CPU
		{57C8529A-0BCA-46D9-9E22-1D6454EDE33C}.Debug|Any CPU.Build.0 = Debug|Any CPU
		{57C8529A-0BCA-46D9-9E22-1D6454EDE33C}.Release|Any CPU.ActiveCfg = Release|Any CPU
		{57C8529A-0BCA-46D9-9E22-1D6454EDE33C}.Release|Any CPU.Build.0 = Release|Any CPU
	EndGlobalSection
	GlobalSection(SolutionProperties) = preSolution
		HideSolutionNode = FALSE
	EndGlobalSection
	GlobalSection(ExtensibilityGlobals) = postSolution
		SolutionGuid = {6589C658-B064-4C68-B5F9-7AADBDA399BA}
	EndGlobalSection
EndGlobal
