
Microsoft Visual Studio Solution File, Format Version 12.00
# Visual Studio 15
VisualStudioVersion = 15.0.27703.2035
MinimumVisualStudioVersion = 10.0.40219.1
Project("{FAE04EC0-301F-11D3-BF4B-00C04F79EFBC}") = "KCC", "KCC\KCC.csproj", "{08CF7B9E-AEA7-47B2-83A4-8D8569C26BE7}"
EndProject
Global
	GlobalSection(SolutionConfigurationPlatforms) = preSolution
		Debug|Any CPU = Debug|Any CPU
		Release|Any CPU = Release|Any CPU
	EndGlobalSection
	GlobalSection(ProjectConfigurationPlatforms) = postSolution
		{08CF7B9E-AEA7-47B2-83A4-8D8569C26BE7}.Debug|Any CPU.ActiveCfg = Debug|Any CPU
		{08CF7B9E-AEA7-47B2-83A4-8D8569C26BE7}.Debug|Any CPU.Build.0 = Debug|Any CPU
		{08CF7B9E-AEA7-47B2-83A4-8D8569C26BE7}.Release|Any CPU.ActiveCfg = Release|Any CPU
		{08CF7B9E-AEA7-47B2-83A4-8D8569C26BE7}.Release|Any CPU.Build.0 = Release|Any CPU
	EndGlobalSection
	GlobalSection(SolutionProperties) = preSolution
		HideSolutionNode = FALSE
	EndGlobalSection
	GlobalSection(ExtensibilityGlobals) = postSolution
		SolutionGuid = {6589C658-B064-4C68-B5F9-7AADBDA399BA}
	EndGlobalSection
EndGlobal
